
Microsoft Visual Studio Solution File, Format Version 12.00
# Visual Studio Version 16
VisualStudioVersion = 16.0.30114.105
MinimumVisualStudioVersion = 10.0.40219.1
Project("{FAE04EC0-301F-11D3-BF4B-00C04F79EFBC}") = "TestPlugin", "TestPlugin.csproj", "{FE971080-1D5A-44A0-AD87-E44F9A6CA4B0}"
EndProject
Global
	GlobalSection(SolutionConfigurationPlatforms) = preSolution
		Debug|Any CPU = Debug|Any CPU
		Release|Any CPU = Release|Any CPU
	EndGlobalSection
	GlobalSection(ProjectConfigurationPlatforms) = postSolution
		{FE971080-1D5A-44A0-AD87-E44F9A6CA4B0}.Debug|Any CPU.ActiveCfg = Debug|Any CPU
		{FE971080-1D5A-44A0-AD87-E44F9A6CA4B0}.Debug|Any CPU.Build.0 = Debug|Any CPU
		{FE971080-1D5A-44A0-AD87-E44F9A6CA4B0}.Release|Any CPU.ActiveCfg = Release|Any CPU
		{FE971080-1D5A-44A0-AD87-E44F9A6CA4B0}.Release|Any CPU.Build.0 = Release|Any CPU
	EndGlobalSection
	GlobalSection(SolutionProperties) = preSolution
		HideSolutionNode = FALSE
	EndGlobalSection
	GlobalSection(ExtensibilityGlobals) = postSolution
		SolutionGuid = {9D683F5A-FB67-451A-8D44-D0879DFE6D2A}
	EndGlobalSection
EndGlobal
