
Microsoft Visual Studio Solution File, Format Version 12.00
# Visual Studio Version 16
VisualStudioVersion = 16.0.30128.74
MinimumVisualStudioVersion = 10.0.40219.1
Project("{9A19103F-16F7-4668-BE54-9A1E7A4F7556}") = "09_ReadGoogleSheets", "09_ReadGoogleSheets.csproj", "{718D04C3-2F2F-4B9B-BBE3-54B049A9C486}"
EndProject
Global
	GlobalSection(SolutionConfigurationPlatforms) = preSolution
		Debug|Any CPU = Debug|Any CPU
		Release|Any CPU = Release|Any CPU
	EndGlobalSection
	GlobalSection(ProjectConfigurationPlatforms) = postSolution
		{718D04C3-2F2F-4B9B-BBE3-54B049A9C486}.Debug|Any CPU.ActiveCfg = Debug|Any CPU
		{718D04C3-2F2F-4B9B-BBE3-54B049A9C486}.Debug|Any CPU.Build.0 = Debug|Any CPU
		{718D04C3-2F2F-4B9B-BBE3-54B049A9C486}.Release|Any CPU.ActiveCfg = Release|Any CPU
		{718D04C3-2F2F-4B9B-BBE3-54B049A9C486}.Release|Any CPU.Build.0 = Release|Any CPU
	EndGlobalSection
	GlobalSection(SolutionProperties) = preSolution
		HideSolutionNode = FALSE
	EndGlobalSection
	GlobalSection(ExtensibilityGlobals) = postSolution
		SolutionGuid = {627AD8F2-BAAB-41BF-98A2-F8670EA25C56}
	EndGlobalSection
EndGlobal
