
Microsoft Visual Studio Solution File, Format Version 12.00
# Visual Studio Version 16
VisualStudioVersion = 16.0.30128.74
MinimumVisualStudioVersion = 10.0.40219.1
Project("{FAE04EC0-301F-11D3-BF4B-00C04F79EFBC}") = "TestTask", "TestTask\TestTask.csproj", "{DEDF4C1B-7927-4D56-BB8F-299C072C612D}"
EndProject
Global
	GlobalSection(SolutionConfigurationPlatforms) = preSolution
		Debug|Any CPU = Debug|Any CPU
		Release|Any CPU = Release|Any CPU
	EndGlobalSection
	GlobalSection(ProjectConfigurationPlatforms) = postSolution
		{DEDF4C1B-7927-4D56-BB8F-299C072C612D}.Debug|Any CPU.ActiveCfg = Debug|Any CPU
		{DEDF4C1B-7927-4D56-BB8F-299C072C612D}.Debug|Any CPU.Build.0 = Debug|Any CPU
		{DEDF4C1B-7927-4D56-BB8F-299C072C612D}.Release|Any CPU.ActiveCfg = Release|Any CPU
		{DEDF4C1B-7927-4D56-BB8F-299C072C612D}.Release|Any CPU.Build.0 = Release|Any CPU
	EndGlobalSection
	GlobalSection(SolutionProperties) = preSolution
		HideSolutionNode = FALSE
	EndGlobalSection
	GlobalSection(ExtensibilityGlobals) = postSolution
		SolutionGuid = {719B821D-F781-4F53-BAAA-6B6FCABE4EE5}
	EndGlobalSection
EndGlobal
